{
    "version": 3,
    "terraform_version": "0.11.8",
    "serial": 3,
    "lineage": "baa78d9c-28eb-2ffb-92c9-29f129cbf8df",
    "modules": [
        {
            "path": [
                "root"
            ],
            "outputs": {
                "bucketname": {
                    "sensitive": false,
                    "type": "string",
                    "value": "bp-terraform-50916"
                }
            },
            "resources": {
                "aws_s3_bucket.tf_bucket": {
                    "type": "aws_s3_bucket",
                    "depends_on": [
                        "random_id.tf_bucket_id"
                    ],
                    "primary": {
                        "id": "bp-terraform-50916",
                        "attributes": {
                            "acceleration_status": "",
                            "acl": "private",
                            "arn": "arn:aws:s3:::bp-terraform-50916",
                            "bucket": "bp-terraform-50916",
                            "bucket_domain_name": "bp-terraform-50916.s3.amazonaws.com",
                            "bucket_regional_domain_name": "bp-terraform-50916.s3.eu-west-2.amazonaws.com",
                            "cors_rule.#": "0",
                            "force_destroy": "true",
                            "hosted_zone_id": "Z3GKZC51ZF0DB4",
                            "id": "bp-terraform-50916",
                            "logging.#": "0",
                            "region": "eu-west-2",
                            "replication_configuration.#": "0",
                            "request_payer": "BucketOwner",
                            "server_side_encryption_configuration.#": "0",
                            "tags.%": "1",
                            "tags.Name": "tf_bucket",
                            "versioning.#": "1",
                            "versioning.0.enabled": "false",
                            "versioning.0.mfa_delete": "false",
                            "website.#": "0"
                        },
                        "meta": {},
                        "tainted": false
                    },
                    "deposed": [],
                    "provider": "provider.aws"
                },
                "random_id.tf_bucket_id": {
                    "type": "random_id",
                    "depends_on": [],
                    "primary": {
                        "id": "xuQ",
                        "attributes": {
                            "b64": "xuQ",
                            "b64_std": "xuQ=",
                            "b64_url": "xuQ",
                            "byte_length": "2",
                            "dec": "50916",
                            "hex": "c6e4",
                            "id": "xuQ"
                        },
                        "meta": {},
                        "tainted": false
                    },
                    "deposed": [],
                    "provider": "provider.random"
                }
            },
            "depends_on": []
        }
    ]
}
